
Microsoft Visual Studio Solution File, Format Version 12.00
# Visual Studio Version 17
VisualStudioVersion = 17.6.33723.286
MinimumVisualStudioVersion = 10.0.40219.1
Project("{8BC9CEB8-8B4A-11D0-8D11-00A0C91BC942}") = "BoostApp1", "BoostApp1.vcxproj", "{17ED7EE1-B470-4674-B04A-2CCD634D933F}"
EndProject
Global
	GlobalSection(SolutionConfigurationPlatforms) = preSolution
		Debug|x64 = Debug|x64
		Debug|x86 = Debug|x86
		Release|x64 = Release|x64
		Release|x86 = Release|x86
	EndGlobalSection
	GlobalSection(ProjectConfigurationPlatforms) = postSolution
		{17ED7EE1-B470-4674-B04A-2CCD634D933F}.Debug|x64.ActiveCfg = Debug|x64
		{17ED7EE1-B470-4674-B04A-2CCD634D933F}.Debug|x64.Build.0 = Debug|x64
		{17ED7EE1-B470-4674-B04A-2CCD634D933F}.Debug|x86.ActiveCfg = Debug|Win32
		{17ED7EE1-B470-4674-B04A-2CCD634D933F}.Debug|x86.Build.0 = Debug|Win32
		{17ED7EE1-B470-4674-B04A-2CCD634D933F}.Release|x64.ActiveCfg = Release|x64
		{17ED7EE1-B470-4674-B04A-2CCD634D933F}.Release|x64.Build.0 = Release|x64
		{17ED7EE1-B470-4674-B04A-2CCD634D933F}.Release|x86.ActiveCfg = Release|Win32
		{17ED7EE1-B470-4674-B04A-2CCD634D933F}.Release|x86.Build.0 = Release|Win32
	EndGlobalSection
	GlobalSection(SolutionProperties) = preSolution
		HideSolutionNode = FALSE
	EndGlobalSection
	GlobalSection(ExtensibilityGlobals) = postSolution
		SolutionGuid = {2F314FD3-B740-410C-80CE-9AC461772320}
	EndGlobalSection
EndGlobal
