
Microsoft Visual Studio Solution File, Format Version 12.00
# Visual Studio Version 17
VisualStudioVersion = 17.6.33723.286
MinimumVisualStudioVersion = 10.0.40219.1
Project("{FAE04EC0-301F-11D3-BF4B-00C04F79EFBC}") = "BluetoothApp2", "BluetoothApp2.csproj", "{7BBA1C76-F2DE-4496-B54B-C20061D46E22}"
EndProject
Global
	GlobalSection(SolutionConfigurationPlatforms) = preSolution
		Debug|Any CPU = Debug|Any CPU
		Release|Any CPU = Release|Any CPU
	EndGlobalSection
	GlobalSection(ProjectConfigurationPlatforms) = postSolution
		{7BBA1C76-F2DE-4496-B54B-C20061D46E22}.Debug|Any CPU.ActiveCfg = Debug|Any CPU
		{7BBA1C76-F2DE-4496-B54B-C20061D46E22}.Debug|Any CPU.Build.0 = Debug|Any CPU
		{7BBA1C76-F2DE-4496-B54B-C20061D46E22}.Release|Any CPU.ActiveCfg = Release|Any CPU
		{7BBA1C76-F2DE-4496-B54B-C20061D46E22}.Release|Any CPU.Build.0 = Release|Any CPU
	EndGlobalSection
	GlobalSection(SolutionProperties) = preSolution
		HideSolutionNode = FALSE
	EndGlobalSection
	GlobalSection(ExtensibilityGlobals) = postSolution
		SolutionGuid = {E0C86A07-5B13-4E69-9D9A-8B3A643F81F2}
	EndGlobalSection
EndGlobal
