
Microsoft Visual Studio Solution File, Format Version 12.00
# Visual Studio Version 17
VisualStudioVersion = 17.6.33723.286
MinimumVisualStudioVersion = 10.0.40219.1
Project("{FAE04EC0-301F-11D3-BF4B-00C04F79EFBC}") = "BluetoothApp3", "BluetoothApp3.csproj", "{DD1B37E1-9834-4445-942D-E6B4EAD21162}"
EndProject
Global
	GlobalSection(SolutionConfigurationPlatforms) = preSolution
		Debug|Any CPU = Debug|Any CPU
		Release|Any CPU = Release|Any CPU
	EndGlobalSection
	GlobalSection(ProjectConfigurationPlatforms) = postSolution
		{DD1B37E1-9834-4445-942D-E6B4EAD21162}.Debug|Any CPU.ActiveCfg = Debug|Any CPU
		{DD1B37E1-9834-4445-942D-E6B4EAD21162}.Debug|Any CPU.Build.0 = Debug|Any CPU
		{DD1B37E1-9834-4445-942D-E6B4EAD21162}.Release|Any CPU.ActiveCfg = Release|Any CPU
		{DD1B37E1-9834-4445-942D-E6B4EAD21162}.Release|Any CPU.Build.0 = Release|Any CPU
	EndGlobalSection
	GlobalSection(SolutionProperties) = preSolution
		HideSolutionNode = FALSE
	EndGlobalSection
	GlobalSection(ExtensibilityGlobals) = postSolution
		SolutionGuid = {CD7CA620-AF3A-425A-8ACA-94B614891E92}
	EndGlobalSection
EndGlobal
