
Microsoft Visual Studio Solution File, Format Version 12.00
# Visual Studio Version 17
VisualStudioVersion = 17.6.33829.357
MinimumVisualStudioVersion = 10.0.40219.1
Project("{FAE04EC0-301F-11D3-BF4B-00C04F79EFBC}") = "TodoApi", "TodoApi.csproj", "{17B86B19-C00D-4608-8F7A-CDAC2603A6EF}"
EndProject
Global
	GlobalSection(SolutionConfigurationPlatforms) = preSolution
		Debug|Any CPU = Debug|Any CPU
		Release|Any CPU = Release|Any CPU
	EndGlobalSection
	GlobalSection(ProjectConfigurationPlatforms) = postSolution
		{17B86B19-C00D-4608-8F7A-CDAC2603A6EF}.Debug|Any CPU.ActiveCfg = Debug|Any CPU
		{17B86B19-C00D-4608-8F7A-CDAC2603A6EF}.Debug|Any CPU.Build.0 = Debug|Any CPU
		{17B86B19-C00D-4608-8F7A-CDAC2603A6EF}.Release|Any CPU.ActiveCfg = Release|Any CPU
		{17B86B19-C00D-4608-8F7A-CDAC2603A6EF}.Release|Any CPU.Build.0 = Release|Any CPU
	EndGlobalSection
	GlobalSection(SolutionProperties) = preSolution
		HideSolutionNode = FALSE
	EndGlobalSection
	GlobalSection(ExtensibilityGlobals) = postSolution
		SolutionGuid = {DB859DBF-46C9-475A-885E-9A4BB8B5CFC5}
	EndGlobalSection
EndGlobal
